// !$*UTF8*$!
{
	archiveVersion = 1;
	classes = {
	};
	objectVersion = 46;
	objects = {

/* Begin PBXBuildFile section */
		04B59C271B838B4C0061FFFC /* main.m in Sources */ = {isa = PBXBuildFile; fileRef = 04B59C261B838B4C0061FFFC /* main.m */; };
		04B59C2A1B838B4C0061FFFC /* AppDelegate.m in Sources */ = {isa = PBXBuildFile; fileRef = 04B59C291B838B4C0061FFFC /* AppDelegate.m */; };
		04B59C2D1B838B4C0061FFFC /* DCTRDoctors.xcdatamodeld in Sources */ = {isa = PBXBuildFile; fileRef = 04B59C2B1B838B4C0061FFFC /* DCTRDoctors.xcdatamodeld */; };
		04B59C301B838B4C0061FFFC /* ViewController.m in Sources */ = {isa = PBXBuildFile; fileRef = 04B59C2F1B838B4C0061FFFC /* ViewController.m */; };
		04B59C331B838B4C0061FFFC /* Main.storyboard in Resources */ = {isa = PBXBuildFile; fileRef = 04B59C311B838B4C0061FFFC /* Main.storyboard */; };
		04B59C351B838B4C0061FFFC /* Images.xcassets in Resources */ = {isa = PBXBuildFile; fileRef = 04B59C341B838B4C0061FFFC /* Images.xcassets */; };
		04B59C381B838B4C0061FFFC /* LaunchScreen.xib in Resources */ = {isa = PBXBuildFile; fileRef = 04B59C361B838B4C0061FFFC /* LaunchScreen.xib */; };
		04B59C441B838B4C0061FFFC /* DCTRDoctorsTests.m in Sources */ = {isa = PBXBuildFile; fileRef = 04B59C431B838B4C0061FFFC /* DCTRDoctorsTests.m */; };
/* End PBXBuildFile section */

/* Begin PBXContainerItemProxy section */
		04B59C3E1B838B4C0061FFFC /* PBXContainerItemProxy */ = {
			isa = PBXContainerItemProxy;
			containerPortal = 04B59C191B838B4C0061FFFC /* Project object */;
			proxyType = 1;
			remoteGlobalIDString = 04B59C201B838B4C0061FFFC;
			remoteInfo = DCTRDoctors;
		};
/* End PBXContainerItemProxy section */

/* Begin PBXFileReference section */
		04B59C211B838B4C0061FFFC /* DCTRDoctors.app */ = {isa = PBXFileReference; explicitFileType = wrapper.application; includeInIndex = 0; path = DCTRDoctors.app; sourceTree = BUILT_PRODUCTS_DIR; };
		04B59C251B838B4C0061FFFC /* Info.plist */ = {isa = PBXFileReference; lastKnownFileType = text.plist.xml; path = Info.plist; sourceTree = "<group>"; };
		04B59C261B838B4C0061FFFC /* main.m */ = {isa = PBXFileReference; lastKnownFileType = sourcecode.c.objc; path = main.m; sourceTree = "<group>"; };
		04B59C281B838B4C0061FFFC /* AppDelegate.h */ = {isa = PBXFileReference; lastKnownFileType = sourcecode.c.h; path = AppDelegate.h; sourceTree = "<group>"; };
		04B59C291B838B4C0061FFFC /* AppDelegate.m */ = {isa = PBXFileReference; lastKnownFileType = sourcecode.c.objc; path = AppDelegate.m; sourceTree = "<group>"; };
		04B59C2C1B838B4C0061FFFC /* DCTRDoctors.xcdatamodel */ = {isa = PBXFileReference; lastKnownFileType = wrapper.xcdatamodel; path = DCTRDoctors.xcdatamodel; sourceTree = "<group>"; };
		04B59C2E1B838B4C0061FFFC /* ViewController.h */ = {isa = PBXFileReference; lastKnownFileType = sourcecode.c.h; path = ViewController.h; sourceTree = "<group>"; };
		04B59C2F1B838B4C0061FFFC /* ViewController.m */ = {isa = PBXFileReference; lastKnownFileType = sourcecode.c.objc; path = ViewController.m; sourceTree = "<group>"; };
		04B59C321B838B4C0061FFFC /* Base */ = {isa = PBXFileReference; lastKnownFileType = file.storyboard; name = Base; path = Base.lproj/Main.storyboard; sourceTree = "<group>"; };
		04B59C341B838B4C0061FFFC /* Images.xcassets */ = {isa = PBXFileReference; lastKnownFileType = folder.assetcatalog; path = Images.xcassets; sourceTree = "<group>"; };
		04B59C371B838B4C0061FFFC /* Base */ = {isa = PBXFileReference; lastKnownFileType = file.xib; name = Base; path = Base.lproj/LaunchScreen.xib; sourceTree = "<group>"; };
		04B59C3D1B838B4C0061FFFC /* DCTRDoctorsTests.xctest */ = {isa = PBXFileReference; explicitFileType = wrapper.cfbundle; includeInIndex = 0; path = DCTRDoctorsTests.xctest; sourceTree = BUILT_PRODUCTS_DIR; };
		04B59C421B838B4C0061FFFC /* Info.plist */ = {isa = PBXFileReference; lastKnownFileType = text.plist.xml; path = Info.plist; sourceTree = "<group>"; };
		04B59C431B838B4C0061FFFC /* DCTRDoctorsTests.m */ = {isa = PBXFileReference; lastKnownFileType = sourcecode.c.objc; path = DCTRDoctorsTests.m; sourceTree = "<group>"; };
/* End PBXFileReference section */

/* Begin PBXFrameworksBuildPhase section */
		04B59C1E1B838B4C0061FFFC /* Frameworks */ = {
			isa = PBXFrameworksBuildPhase;
			buildActionMask = 2147483647;
			files = (
			);
			runOnlyForDeploymentPostprocessing = 0;
		};
		04B59C3A1B838B4C0061FFFC /* Frameworks */ = {
			isa = PBXFrameworksBuildPhase;
			buildActionMask = 2147483647;
			files = (
			);
			runOnlyForDeploymentPostprocessing = 0;
		};
/* End PBXFrameworksBuildPhase section */

/* Begin PBXGroup section */
		04B59C181B838B4C0061FFFC = {
			isa = PBXGroup;
			children = (
				04B59C231B838B4C0061FFFC /* DCTRDoctors */,
				04B59C401B838B4C0061FFFC /* DCTRDoctorsTests */,
				04B59C221B838B4C0061FFFC /* Products */,
			);
			sourceTree = "<group>";
		};
		04B59C221B838B4C0061FFFC /* Products */ = {
			isa = PBXGroup;
			children = (
				04B59C211B838B4C0061FFFC /* DCTRDoctors.app */,
				04B59C3D1B838B4C0061FFFC /* DCTRDoctorsTests.xctest */,
			);
			name = Products;
			sourceTree = "<group>";
		};
		04B59C231B838B4C0061FFFC /* DCTRDoctors */ = {
			isa = PBXGroup;
			children = (
				04B59C281B838B4C0061FFFC /* AppDelegate.h */,
				04B59C291B838B4C0061FFFC /* AppDelegate.m */,
				04B59C2E1B838B4C0061FFFC /* ViewController.h */,
				04B59C2F1B838B4C0061FFFC /* ViewController.m */,
				04B59C311B838B4C0061FFFC /* Main.storyboard */,
				04B59C341B838B4C0061FFFC /* Images.xcassets */,
				04B59C361B838B4C0061FFFC /* LaunchScreen.xib */,
				04B59C2B1B838B4C0061FFFC /* DCTRDoctors.xcdatamodeld */,
				04B59C241B838B4C0061FFFC /* Supporting Files */,
			);
			path = DCTRDoctors;
			sourceTree = "<group>";
		};
		04B59C241B838B4C0061FFFC /* Supporting Files */ = {
			isa = PBXGroup;
			children = (
				04B59C251B838B4C0061FFFC /* Info.plist */,
				04B59C261B838B4C0061FFFC /* main.m */,
			);
			name = "Supporting Files";
			sourceTree = "<group>";
		};
		04B59C401B838B4C0061FFFC /* DCTRDoctorsTests */ = {
			isa = PBXGroup;
			children = (
				04B59C431B838B4C0061FFFC /* DCTRDoctorsTests.m */,
				04B59C411B838B4C0061FFFC /* Supporting Files */,
			);
			path = DCTRDoctorsTests;
			sourceTree = "<group>";
		};
		04B59C411B838B4C0061FFFC /* Supporting Files */ = {
			isa = PBXGroup;
			children = (
				04B59C421B838B4C0061FFFC /* Info.plist */,
			);
			name = "Supporting Files";
			sourceTree = "<group>";
		};
/* End PBXGroup section */

/* Begin PBXNativeTarget section */
		04B59C201B838B4C0061FFFC /* DCTRDoctors */ = {
			isa = PBXNativeTarget;
			buildConfigurationList = 04B59C471B838B4C0061FFFC /* Build configuration list for PBXNativeTarget "DCTRDoctors" */;
			buildPhases = (
				04B59C1D1B838B4C0061FFFC /* Sources */,
				04B59C1E1B838B4C0061FFFC /* Frameworks */,
				04B59C1F1B838B4C0061FFFC /* Resources */,
			);
			buildRules = (
			);
			dependencies = (
			);
			name = DCTRDoctors;
			productName = DCTRDoctors;
			productReference = 04B59C211B838B4C0061FFFC /* DCTRDoctors.app */;
			productType = "com.apple.product-type.application";
		};
		04B59C3C1B838B4C0061FFFC /* DCTRDoctorsTests */ = {
			isa = PBXNativeTarget;
			buildConfigurationList = 04B59C4A1B838B4C0061FFFC /* Build configuration list for PBXNativeTarget "DCTRDoctorsTests" */;
			buildPhases = (
				04B59C391B838B4C0061FFFC /* Sources */,
				04B59C3A1B838B4C0061FFFC /* Frameworks */,
				04B59C3B1B838B4C0061FFFC /* Resources */,
			);
			buildRules = (
			);
			dependencies = (
				04B59C3F1B838B4C0061FFFC /* PBXTargetDependency */,
			);
			name = DCTRDoctorsTests;
			productName = DCTRDoctorsTests;
			productReference = 04B59C3D1B838B4C0061FFFC /* DCTRDoctorsTests.xctest */;
			productType = "com.apple.product-type.bundle.unit-test";
		};
/* End PBXNativeTarget section */

/* Begin PBXProject section */
		04B59C191B838B4C0061FFFC /* Project object */ = {
			isa = PBXProject;
			attributes = {
				LastUpgradeCheck = 0640;
				ORGANIZATIONNAME = "Voitenko Daniil";
				TargetAttributes = {
					04B59C201B838B4C0061FFFC = {
						CreatedOnToolsVersion = 6.4;
					};
					04B59C3C1B838B4C0061FFFC = {
						CreatedOnToolsVersion = 6.4;
						TestTargetID = 04B59C201B838B4C0061FFFC;
					};
				};
			};
			buildConfigurationList = 04B59C1C1B838B4C0061FFFC /* Build configuration list for PBXProject "DCTRDoctors" */;
			compatibilityVersion = "Xcode 3.2";
			developmentRegion = English;
			hasScannedForEncodings = 0;
			knownRegions = (
				en,
				Base,
			);
			mainGroup = 04B59C181B838B4C0061FFFC;
			productRefGroup = 04B59C221B838B4C0061FFFC /* Products */;
			projectDirPath = "";
			projectRoot = "";
			targets = (
				04B59C201B838B4C0061FFFC /* DCTRDoctors */,
				04B59C3C1B838B4C0061FFFC /* DCTRDoctorsTests */,
			);
		};
/* End PBXProject section */

/* Begin PBXResourcesBuildPhase section */
		04B59C1F1B838B4C0061FFFC /* Resources */ = {
			isa = PBXResourcesBuildPhase;
			buildActionMask = 2147483647;
			files = (
				04B59C331B838B4C0061FFFC /* Main.storyboard in Resources */,
				04B59C381B838B4C0061FFFC /* LaunchScreen.xib in Resources */,
				04B59C351B838B4C0061FFFC /* Images.xcassets in Resources */,
			);
			runOnlyForDeploymentPostprocessing = 0;
		};
		04B59C3B1B838B4C0061FFFC /* Resources */ = {
			isa = PBXResourcesBuildPhase;
			buildActionMask = 2147483647;
			files = (
			);
			runOnlyForDeploymentPostprocessing = 0;
		};
/* End PBXResourcesBuildPhase section */

/* Begin PBXSourcesBuildPhase section */
		04B59C1D1B838B4C0061FFFC /* Sources */ = {
			isa = PBXSourcesBuildPhase;
			buildActionMask = 2147483647;
			files = (
				04B59C2A1B838B4C0061FFFC /* AppDelegate.m in Sources */,
				04B59C2D1B838B4C0061FFFC /* DCTRDoctors.xcdatamodeld in Sources */,
				04B59C301B838B4C0061FFFC /* ViewController.m in Sources */,
				04B59C271B838B4C0061FFFC /* main.m in Sources */,
			);
			runOnlyForDeploymentPostprocessing = 0;
		};
		04B59C391B838B4C0061FFFC /* Sources */ = {
			isa = PBXSourcesBuildPhase;
			buildActionMask = 2147483647;
			files = (
				04B59C441B838B4C0061FFFC /* DCTRDoctorsTests.m in Sources */,
			);
			runOnlyForDeploymentPostprocessing = 0;
		};
/* End PBXSourcesBuildPhase section */

/* Begin PBXTargetDependency section */
		04B59C3F1B838B4C0061FFFC /* PBXTargetDependency */ = {
			isa = PBXTargetDependency;
			target = 04B59C201B838B4C0061FFFC /* DCTRDoctors */;
			targetProxy = 04B59C3E1B838B4C0061FFFC /* PBXContainerItemProxy */;
		};
/* End PBXTargetDependency section */

/* Begin PBXVariantGroup section */
		04B59C311B838B4C0061FFFC /* Main.storyboard */ = {
			isa = PBXVariantGroup;
			children = (
				04B59C321B838B4C0061FFFC /* Base */,
			);
			name = Main.storyboard;
			sourceTree = "<group>";
		};
		04B59C361B838B4C0061FFFC /* LaunchScreen.xib */ = {
			isa = PBXVariantGroup;
			children = (
				04B59C371B838B4C0061FFFC /* Base */,
			);
			name = LaunchScreen.xib;
			sourceTree = "<group>";
		};
/* End PBXVariantGroup section */

/* Begin XCBuildConfiguration section */
		04B59C451B838B4C0061FFFC /* Debug */ = {
			isa = XCBuildConfiguration;
			buildSettings = {
				ALWAYS_SEARCH_USER_PATHS = NO;
				CLANG_CXX_LANGUAGE_STANDARD = "gnu++0x";
				CLANG_CXX_LIBRARY = "libc++";
				CLANG_ENABLE_MODULES = YES;
				CLANG_ENABLE_OBJC_ARC = YES;
				CLANG_WARN_BOOL_CONVERSION = YES;
				CLANG_WARN_CONSTANT_CONVERSION = YES;
				CLANG_WARN_DIRECT_OBJC_ISA_USAGE = YES_ERROR;
				CLANG_WARN_EMPTY_BODY = YES;
				CLANG_WARN_ENUM_CONVERSION = YES;
				CLANG_WARN_INT_CONVERSION = YES;
				CLANG_WARN_OBJC_ROOT_CLASS = YES_ERROR;
				CLANG_WARN_UNREACHABLE_CODE = YES;
				CLANG_WARN__DUPLICATE_METHOD_MATCH = YES;
				"CODE_SIGN_IDENTITY[sdk=iphoneos*]" = "iPhone Developer";
				COPY_PHASE_STRIP = NO;
				DEBUG_INFORMATION_FORMAT = "dwarf-with-dsym";
				ENABLE_STRICT_OBJC_MSGSEND = YES;
				GCC_C_LANGUAGE_STANDARD = gnu99;
				GCC_DYNAMIC_NO_PIC = NO;
				GCC_NO_COMMON_BLOCKS = YES;
				GCC_OPTIMIZATION_LEVEL = 0;
				GCC_PREPROCESSOR_DEFINITIONS = (
					"DEBUG=1",
					"$(inherited)",
				);
				GCC_SYMBOLS_PRIVATE_EXTERN = NO;
				GCC_WARN_64_TO_32_BIT_CONVERSION = YES;
				GCC_WARN_ABOUT_RETURN_TYPE = YES_ERROR;
				GCC_WARN_UNDECLARED_SELECTOR = YES;
				GCC_WARN_UNINITIALIZED_AUTOS = YES_AGGRESSIVE;
				GCC_WARN_UNUSED_FUNCTION = YES;
				GCC_WARN_UNUSED_VARIABLE = YES;
				IPHONEOS_DEPLOYMENT_TARGET = 8.4;
				MTL_ENABLE_DEBUG_INFO = YES;
				ONLY_ACTIVE_ARCH = YES;
				SDKROOT = iphoneos;
			};
			name = Debug;
		};
		04B59C461B838B4C0061FFFC /* Release */ = {
			isa = XCBuildConfiguration;
			buildSettings = {
				ALWAYS_SEARCH_USER_PATHS = NO;
				CLANG_CXX_LANGUAGE_STANDARD = "gnu++0x";
				CLANG_CXX_LIBRARY = "libc++";
				CLANG_ENABLE_MODULES = YES;
				CLANG_ENABLE_OBJC_ARC = YES;
				CLANG_WARN_BOOL_CONVERSION = YES;
				CLANG_WARN_CONSTANT_CONVERSION = YES;
				CLANG_WARN_DIRECT_OBJC_ISA_USAGE = YES_ERROR;
				CLANG_WARN_EMPTY_BODY = YES;
				CLANG_WARN_ENUM_CONVERSION = YES;
				CLANG_WARN_INT_CONVERSION = YES;
				CLANG_WARN_OBJC_ROOT_CLASS = YES_ERROR;
				CLANG_WARN_UNREACHABLE_CODE = YES;
				CLANG_WARN__DUPLICATE_METHOD_MATCH = YES;
				"CODE_SIGN_IDENTITY[sdk=iphoneos*]" = "iPhone Developer";
				COPY_PHASE_STRIP = NO;
				DEBUG_INFORMATION_FORMAT = "dwarf-with-dsym";
				ENABLE_NS_ASSERTIONS = NO;
				ENABLE_STRICT_OBJC_MSGSEND = YES;
				GCC_C_LANGUAGE_STANDARD = gnu99;
				GCC_NO_COMMON_BLOCKS = YES;
				GCC_WARN_64_TO_32_BIT_CONVERSION = YES;
				GCC_WARN_ABOUT_RETURN_TYPE = YES_ERROR;
				GCC_WARN_UNDECLARED_SELECTOR = YES;
				GCC_WARN_UNINITIALIZED_AUTOS = YES_AGGRESSIVE;
				GCC_WARN_UNUSED_FUNCTION = YES;
				GCC_WARN_UNUSED_VARIABLE = YES;
				IPHONEOS_DEPLOYMENT_TARGET = 8.4;
				MTL_ENABLE_DEBUG_INFO = NO;
				SDKROOT = iphoneos;
				VALIDATE_PRODUCT = YES;
			};
			name = Release;
		};
		04B59C481B838B4C0061FFFC /* Debug */ = {
			isa = XCBuildConfiguration;
			buildSettings = {
				ASSETCATALOG_COMPILER_APPICON_NAME = AppIcon;
				INFOPLIST_FILE = DCTRDoctors/Info.plist;
				LD_RUNPATH_SEARCH_PATHS = "$(inherited) @executable_path/Frameworks";
				PRODUCT_NAME = "$(TARGET_NAME)";
			};
			name = Debug;
		};
		04B59C491B838B4C0061FFFC /* Release */ = {
			isa = XCBuildConfiguration;
			buildSettings = {
				ASSETCATALOG_COMPILER_APPICON_NAME = AppIcon;
				INFOPLIST_FILE = DCTRDoctors/Info.plist;
				LD_RUNPATH_SEARCH_PATHS = "$(inherited) @executable_path/Frameworks";
				PRODUCT_NAME = "$(TARGET_NAME)";
			};
			name = Release;
		};
		04B59C4B1B838B4C0061FFFC /* Debug */ = {
			isa = XCBuildConfiguration;
			buildSettings = {
				BUNDLE_LOADER = "$(TEST_HOST)";
				FRAMEWORK_SEARCH_PATHS = (
					"$(SDKROOT)/Developer/Library/Frameworks",
					"$(inherited)",
				);
				GCC_PREPROCESSOR_DEFINITIONS = (
					"DEBUG=1",
					"$(inherited)",
				);
				INFOPLIST_FILE = DCTRDoctorsTests/Info.plist;
				LD_RUNPATH_SEARCH_PATHS = "$(inherited) @executable_path/Frameworks @loader_path/Frameworks";
				PRODUCT_NAME = "$(TARGET_NAME)";
				TEST_HOST = "$(BUILT_PRODUCTS_DIR)/DCTRDoctors.app/DCTRDoctors";
			};
			name = Debug;
		};
		04B59C4C1B838B4C0061FFFC /* Release */ = {
			isa = XCBuildConfiguration;
			buildSettings = {
				BUNDLE_LOADER = "$(TEST_HOST)";
				FRAMEWORK_SEARCH_PATHS = (
					"$(SDKROOT)/Developer/Library/Frameworks",
					"$(inherited)",
				);
				INFOPLIST_FILE = DCTRDoctorsTests/Info.plist;
				LD_RUNPATH_SEARCH_PATHS = "$(inherited) @executable_path/Frameworks @loader_path/Frameworks";
				PRODUCT_NAME = "$(TARGET_NAME)";
				TEST_HOST = "$(BUILT_PRODUCTS_DIR)/DCTRDoctors.app/DCTRDoctors";
			};
			name = Release;
		};
/* End XCBuildConfiguration section */

/* Begin XCConfigurationList section */
		04B59C1C1B838B4C0061FFFC /* Build configuration list for PBXProject "DCTRDoctors" */ = {
			isa = XCConfigurationList;
			buildConfigurations = (
				04B59C451B838B4C0061FFFC /* Debug */,
				04B59C461B838B4C0061FFFC /* Release */,
			);
			defaultConfigurationIsVisible = 0;
			defaultConfigurationName = Release;
		};
		04B59C471B838B4C0061FFFC /* Build configuration list for PBXNativeTarget "DCTRDoctors" */ = {
			isa = XCConfigurationList;
			buildConfigurations = (
				04B59C481B838B4C0061FFFC /* Debug */,
				04B59C491B838B4C0061FFFC /* Release */,
			);
			defaultConfigurationIsVisible = 0;
		};
		04B59C4A1B838B4C0061FFFC /* Build configuration list for PBXNativeTarget "DCTRDoctorsTests" */ = {
			isa = XCConfigurationList;
			buildConfigurations = (
				04B59C4B1B838B4C0061FFFC /* Debug */,
				04B59C4C1B838B4C0061FFFC /* Release */,
			);
			defaultConfigurationIsVisible = 0;
		};
/* End XCConfigurationList section */

/* Begin XCVersionGroup section */
		04B59C2B1B838B4C0061FFFC /* DCTRDoctors.xcdatamodeld */ = {
			isa = XCVersionGroup;
			children = (
				04B59C2C1B838B4C0061FFFC /* DCTRDoctors.xcdatamodel */,
			);
			currentVersion = 04B59C2C1B838B4C0061FFFC /* DCTRDoctors.xcdatamodel */;
			path = DCTRDoctors.xcdatamodeld;
			sourceTree = "<group>";
			versionGroupType = wrapper.xcdatamodel;
		};
/* End XCVersionGroup section */
	};
	rootObject = 04B59C191B838B4C0061FFFC /* Project object */;
}
